
Microsoft Visual Studio Solution File, Format Version 12.00
# Visual Studio Version 17
VisualStudioVersion = 17.4.33213.308
MinimumVisualStudioVersion = 10.0.40219.1
Project("{FAE04EC0-301F-11D3-BF4B-00C04F79EFBC}") = "Oki", "Oki\Oki.csproj", "{59CDEE55-FDA6-4EE5-AA1A-E9095DAF56CB}"
EndProject
Global
	GlobalSection(SolutionConfigurationPlatforms) = preSolution
		Debug|Any CPU = Debug|Any CPU
		Release|Any CPU = Release|Any CPU
	EndGlobalSection
	GlobalSection(ProjectConfigurationPlatforms) = postSolution
		{59CDEE55-FDA6-4EE5-AA1A-E9095DAF56CB}.Debug|Any CPU.ActiveCfg = Debug|Any CPU
		{59CDEE55-FDA6-4EE5-AA1A-E9095DAF56CB}.Debug|Any CPU.Build.0 = Debug|Any CPU
		{59CDEE55-FDA6-4EE5-AA1A-E9095DAF56CB}.Release|Any CPU.ActiveCfg = Release|Any CPU
		{59CDEE55-FDA6-4EE5-AA1A-E9095DAF56CB}.Release|Any CPU.Build.0 = Release|Any CPU
	EndGlobalSection
	GlobalSection(SolutionProperties) = preSolution
		HideSolutionNode = FALSE
	EndGlobalSection
	GlobalSection(ExtensibilityGlobals) = postSolution
		SolutionGuid = {B9B15271-2668-49B7-82C7-E9E4FC51D5CC}
	EndGlobalSection
EndGlobal
